{
  "name": "uni-app",
  "version": "0.0.0",
  "lockfileVersion": 1,
  "requires": true,
  "dependencies": {
    "@hai2007/algorithm": {
      "version": "0.5.0",
      "resolved": "https://registry.npmjs.org/@hai2007/algorithm/-/algorithm-0.5.0.tgz",
      "integrity": "sha512-nslLxMamstRGSryWypF5BgpKkzZeY0AhU0ikXLGDCIavSeQyGTwjMQqawbC9tjdQrTVPBUja5tQq5d/I6eA8Rw==",
      "requires": {
        "@hai2007/tool": "^0.4.0"
      }
    },
    "@hai2007/tool": {
      "version": "0.4.0",
      "resolved": "https://registry.npmjs.org/@hai2007/tool/-/tool-0.4.0.tgz",
      "integrity": "sha512-9LAyVVZLLw9TlC0+H1x1pu+JuDx69J1ij8HsUXtiP8Bj7YRyoG5stJMNAqVoVsvB+Bf9NcntexeuFnZigx3hWA=="
    },
    "clunch": {
      "version": "0.1.2",
      "resolved": "https://registry.npmjs.org/clunch/-/clunch-0.1.2.tgz",
      "integrity": "sha512-5usROhmuZZxiOO2JP6/FQwz6uVRqNE5QCJEgm/yHBrCUyX/w2YubX8gTHV2QUFCJ0XVuhIjH2BN4Sgnkvp1UFA==",
      "requires": {
        "@hai2007/algorithm": "^0.5.0",
        "@hai2007/tool": "^0.4.0"
      }
    }
  }
}
