{
  "name": "uni-app",
  "version": "0.0.0",
  "lockfileVersion": 1,
  "requires": true,
  "dependencies": {
    "@dcloudio/uni-ui": {
      "version": "1.2.10",
      "resolved": "https://registry.npmjs.org/@dcloudio/uni-ui/-/uni-ui-1.2.10.tgz",
      "integrity": "sha512-IIcy8HYvSt97AaqideSQSHcXR0daoa1ay4IfSLMNf4CTid5u0Lxx4SdzQwYWGDeUUbKPtQ7CSBPRqN0LmXRsFQ=="
    },
    "@hai2007/algorithm": {
      "version": "0.5.1",
      "resolved": "https://registry.npmjs.org/@hai2007/algorithm/-/algorithm-0.5.1.tgz",
      "integrity": "sha512-HhnZMyfWx90cTnIC58kZh2XuKCUxfUjd8Pxf+MXSQ1zLm3kUK6tzR5f882vI+yHoBBQbsDJ5QDwDokFky0Y84g==",
      "requires": {
        "@hai2007/tool": "^0.6.0"
      }
    },
    "@hai2007/tool": {
      "version": "0.6.2",
      "resolved": "https://registry.npmjs.org/@hai2007/tool/-/tool-0.6.2.tgz",
      "integrity": "sha512-jAPbNFvkWIg2cLNGQ6fVb4HOYfSp7v6uKcWLlUq1wLJNfWW8j5zooWWFIFwFSr4f6sdiYSzwlpdF/Nxqv1GUUQ=="
    }
  }
}
